
Microsoft Visual Studio Solution File, Format Version 12.00
# Visual Studio Version 16
VisualStudioVersion = 16.0.31205.134
MinimumVisualStudioVersion = 10.0.40219.1
Project("{FAE04EC0-301F-11D3-BF4B-00C04F79EFBC}") = "LoginDemo", "LoginDemo\LoginDemo.csproj", "{B54BF7F5-5219-42B7-A29B-9541F0E94342}"
EndProject
Global
	GlobalSection(SolutionConfigurationPlatforms) = preSolution
		Debug|Any CPU = Debug|Any CPU
		Release|Any CPU = Release|Any CPU
	EndGlobalSection
	GlobalSection(ProjectConfigurationPlatforms) = postSolution
		{B54BF7F5-5219-42B7-A29B-9541F0E94342}.Debug|Any CPU.ActiveCfg = Debug|Any CPU
		{B54BF7F5-5219-42B7-A29B-9541F0E94342}.Debug|Any CPU.Build.0 = Debug|Any CPU
		{B54BF7F5-5219-42B7-A29B-9541F0E94342}.Release|Any CPU.ActiveCfg = Release|Any CPU
		{B54BF7F5-5219-42B7-A29B-9541F0E94342}.Release|Any CPU.Build.0 = Release|Any CPU
	EndGlobalSection
	GlobalSection(SolutionProperties) = preSolution
		HideSolutionNode = FALSE
	EndGlobalSection
	GlobalSection(ExtensibilityGlobals) = postSolution
		SolutionGuid = {17C8D90F-EB61-4BCD-ABCC-EC0A9D2803F8}
	EndGlobalSection
EndGlobal
